
Microsoft Visual Studio Solution File, Format Version 12.00
# Visual Studio 15
VisualStudioVersion = 15.0.28010.2003
MinimumVisualStudioVersion = 10.0.40219.1
Project("{FAE04EC0-301F-11D3-BF4B-00C04F79EFBC}") = "ChatRoom", "ChatRoom\ChatRoom.csproj", "{2AF99D8F-57BC-4B47-9CB4-FD3D21A49FE7}"
EndProject
Project("{FAE04EC0-301F-11D3-BF4B-00C04F79EFBC}") = "HelloWorld", "HelloWorld\HelloWorld.csproj", "{2FD3E9A6-AA79-46E9-A04B-4BA86C94C666}"
EndProject
Project("{FAE04EC0-301F-11D3-BF4B-00C04F79EFBC}") = "HelloWorldClient", "HelloWorldClient\HelloWorldClient.csproj", "{CC28D00B-E550-4C4D-8D47-74927FFE7AB4}"
EndProject
Project("{2150E333-8FDC-42A3-9474-1A3956D46DE8}") = "Demo1", "Demo1", "{5E43A4A2-3C39-406D-9E4F-ACD1C1C954A5}"
EndProject
Project("{2150E333-8FDC-42A3-9474-1A3956D46DE8}") = "Demo2", "Demo2", "{B780D63E-59E5-4B18-9746-68408250EA86}"
EndProject
Project("{FAE04EC0-301F-11D3-BF4B-00C04F79EFBC}") = "ServiceModelService", "ServiceModelService\ServiceModelService.csproj", "{E550681B-0390-4F9D-84A3-9F36C7B8C293}"
EndProject
Project("{FAE04EC0-301F-11D3-BF4B-00C04F79EFBC}") = "ServiceModeClient", "ServiceModeClient\ServiceModeClient.csproj", "{D3C3A8BE-1882-491E-89F9-2DA34A1F8934}"
EndProject
Project("{FAE04EC0-301F-11D3-BF4B-00C04F79EFBC}") = "ServiceMode", "ServiceMode\ServiceMode.csproj", "{5D8C275E-7DD0-45DB-ADF9-995D427BD1CF}"
EndProject
Project("{2150E333-8FDC-42A3-9474-1A3956D46DE8}") = "Demo3", "Demo3", "{070963A8-7389-4A94-9F98-EC33EBE399F8}"
EndProject
Project("{FAE04EC0-301F-11D3-BF4B-00C04F79EFBC}") = "Session", "Session\Session.csproj", "{95A34F27-1AFC-46D9-8D58-004FB37F8C20}"
EndProject
Project("{FAE04EC0-301F-11D3-BF4B-00C04F79EFBC}") = "SessionService", "SessionService\SessionService.csproj", "{134F08A6-880C-4DEA-A6A2-30CDF073F2C0}"
EndProject
Project("{FAE04EC0-301F-11D3-BF4B-00C04F79EFBC}") = "ServiceClient", "ServiceClient\ServiceClient.csproj", "{0F0C69BB-735F-43AB-911B-AED361FFEB1B}"
EndProject
Project("{2150E333-8FDC-42A3-9474-1A3956D46DE8}") = "Demo4", "Demo4", "{10647FD7-C870-48F9-B292-FF0B8DC81091}"
EndProject
Project("{FAE04EC0-301F-11D3-BF4B-00C04F79EFBC}") = "Concurrency", "Concurrency\Concurrency.csproj", "{B95CC1C2-5F13-4083-B573-A980AB4F92D5}"
EndProject
Project("{FAE04EC0-301F-11D3-BF4B-00C04F79EFBC}") = "ConcurrencyClient", "ConcurrencyClient\ConcurrencyClient.csproj", "{7F3621BC-CE76-49B6-9B00-3804C6688FE8}"
EndProject
Project("{FAE04EC0-301F-11D3-BF4B-00C04F79EFBC}") = "ConcurrencyService", "ConcurrencyService\ConcurrencyService.csproj", "{D6DB53CE-F534-4B64-8A63-159739B872F0}"
EndProject
Project("{2150E333-8FDC-42A3-9474-1A3956D46DE8}") = "Demo5", "Demo5", "{9E1F5697-D967-422A-B729-C12B4E1C017D}"
EndProject
Project("{FAE04EC0-301F-11D3-BF4B-00C04F79EFBC}") = "Fault", "Fault\Fault.csproj", "{F85166B7-5E22-47E6-9352-DC5A7F3C3962}"
EndProject
Project("{FAE04EC0-301F-11D3-BF4B-00C04F79EFBC}") = "FaultClient", "FaultClient\FaultClient.csproj", "{3E89693D-D281-4B15-9E35-2153375A861A}"
EndProject
Project("{FAE04EC0-301F-11D3-BF4B-00C04F79EFBC}") = "FaultService", "FaultService\FaultService.csproj", "{757D4005-C620-444D-8421-8EB81F391BA4}"
EndProject
Project("{2150E333-8FDC-42A3-9474-1A3956D46DE8}") = "Demo6", "Demo6", "{26C6998D-4448-4157-974A-E0F40973FCAE}"
EndProject
Project("{FAE04EC0-301F-11D3-BF4B-00C04F79EFBC}") = "Asynchronous", "Asynchronous\Asynchronous.csproj", "{15671FB3-E4CD-458D-8299-676AB710AC4A}"
EndProject
Project("{FAE04EC0-301F-11D3-BF4B-00C04F79EFBC}") = "AsynchronousClient", "AsynchronousClient\AsynchronousClient.csproj", "{C67D1756-E008-4CDB-A429-7C1189A5903B}"
EndProject
Project("{FAE04EC0-301F-11D3-BF4B-00C04F79EFBC}") = "AsynchronousService", "AsynchronousService\AsynchronousService.csproj", "{EED0B521-42D9-450A-AA84-CCEBDCE08EDC}"
EndProject
Global
	GlobalSection(SolutionConfigurationPlatforms) = preSolution
		Debug|Any CPU = Debug|Any CPU
		Release|Any CPU = Release|Any CPU
	EndGlobalSection
	GlobalSection(ProjectConfigurationPlatforms) = postSolution
		{2AF99D8F-57BC-4B47-9CB4-FD3D21A49FE7}.Debug|Any CPU.ActiveCfg = Debug|Any CPU
		{2AF99D8F-57BC-4B47-9CB4-FD3D21A49FE7}.Debug|Any CPU.Build.0 = Debug|Any CPU
		{2AF99D8F-57BC-4B47-9CB4-FD3D21A49FE7}.Release|Any CPU.ActiveCfg = Release|Any CPU
		{2AF99D8F-57BC-4B47-9CB4-FD3D21A49FE7}.Release|Any CPU.Build.0 = Release|Any CPU
		{2FD3E9A6-AA79-46E9-A04B-4BA86C94C666}.Debug|Any CPU.ActiveCfg = Debug|Any CPU
		{2FD3E9A6-AA79-46E9-A04B-4BA86C94C666}.Debug|Any CPU.Build.0 = Debug|Any CPU
		{2FD3E9A6-AA79-46E9-A04B-4BA86C94C666}.Release|Any CPU.ActiveCfg = Release|Any CPU
		{2FD3E9A6-AA79-46E9-A04B-4BA86C94C666}.Release|Any CPU.Build.0 = Release|Any CPU
		{CC28D00B-E550-4C4D-8D47-74927FFE7AB4}.Debug|Any CPU.ActiveCfg = Debug|Any CPU
		{CC28D00B-E550-4C4D-8D47-74927FFE7AB4}.Debug|Any CPU.Build.0 = Debug|Any CPU
		{CC28D00B-E550-4C4D-8D47-74927FFE7AB4}.Release|Any CPU.ActiveCfg = Release|Any CPU
		{CC28D00B-E550-4C4D-8D47-74927FFE7AB4}.Release|Any CPU.Build.0 = Release|Any CPU
		{E550681B-0390-4F9D-84A3-9F36C7B8C293}.Debug|Any CPU.ActiveCfg = Debug|Any CPU
		{E550681B-0390-4F9D-84A3-9F36C7B8C293}.Debug|Any CPU.Build.0 = Debug|Any CPU
		{E550681B-0390-4F9D-84A3-9F36C7B8C293}.Release|Any CPU.ActiveCfg = Release|Any CPU
		{E550681B-0390-4F9D-84A3-9F36C7B8C293}.Release|Any CPU.Build.0 = Release|Any CPU
		{D3C3A8BE-1882-491E-89F9-2DA34A1F8934}.Debug|Any CPU.ActiveCfg = Debug|Any CPU
		{D3C3A8BE-1882-491E-89F9-2DA34A1F8934}.Debug|Any CPU.Build.0 = Debug|Any CPU
		{D3C3A8BE-1882-491E-89F9-2DA34A1F8934}.Release|Any CPU.ActiveCfg = Release|Any CPU
		{D3C3A8BE-1882-491E-89F9-2DA34A1F8934}.Release|Any CPU.Build.0 = Release|Any CPU
		{5D8C275E-7DD0-45DB-ADF9-995D427BD1CF}.Debug|Any CPU.ActiveCfg = Debug|Any CPU
		{5D8C275E-7DD0-45DB-ADF9-995D427BD1CF}.Debug|Any CPU.Build.0 = Debug|Any CPU
		{5D8C275E-7DD0-45DB-ADF9-995D427BD1CF}.Release|Any CPU.ActiveCfg = Release|Any CPU
		{5D8C275E-7DD0-45DB-ADF9-995D427BD1CF}.Release|Any CPU.Build.0 = Release|Any CPU
		{95A34F27-1AFC-46D9-8D58-004FB37F8C20}.Debug|Any CPU.ActiveCfg = Debug|Any CPU
		{95A34F27-1AFC-46D9-8D58-004FB37F8C20}.Debug|Any CPU.Build.0 = Debug|Any CPU
		{95A34F27-1AFC-46D9-8D58-004FB37F8C20}.Release|Any CPU.ActiveCfg = Release|Any CPU
		{95A34F27-1AFC-46D9-8D58-004FB37F8C20}.Release|Any CPU.Build.0 = Release|Any CPU
		{134F08A6-880C-4DEA-A6A2-30CDF073F2C0}.Debug|Any CPU.ActiveCfg = Debug|Any CPU
		{134F08A6-880C-4DEA-A6A2-30CDF073F2C0}.Debug|Any CPU.Build.0 = Debug|Any CPU
		{134F08A6-880C-4DEA-A6A2-30CDF073F2C0}.Release|Any CPU.ActiveCfg = Release|Any CPU
		{134F08A6-880C-4DEA-A6A2-30CDF073F2C0}.Release|Any CPU.Build.0 = Release|Any CPU
		{0F0C69BB-735F-43AB-911B-AED361FFEB1B}.Debug|Any CPU.ActiveCfg = Debug|Any CPU
		{0F0C69BB-735F-43AB-911B-AED361FFEB1B}.Debug|Any CPU.Build.0 = Debug|Any CPU
		{0F0C69BB-735F-43AB-911B-AED361FFEB1B}.Release|Any CPU.ActiveCfg = Release|Any CPU
		{0F0C69BB-735F-43AB-911B-AED361FFEB1B}.Release|Any CPU.Build.0 = Release|Any CPU
		{B95CC1C2-5F13-4083-B573-A980AB4F92D5}.Debug|Any CPU.ActiveCfg = Debug|Any CPU
		{B95CC1C2-5F13-4083-B573-A980AB4F92D5}.Debug|Any CPU.Build.0 = Debug|Any CPU
		{B95CC1C2-5F13-4083-B573-A980AB4F92D5}.Release|Any CPU.ActiveCfg = Release|Any CPU
		{B95CC1C2-5F13-4083-B573-A980AB4F92D5}.Release|Any CPU.Build.0 = Release|Any CPU
		{7F3621BC-CE76-49B6-9B00-3804C6688FE8}.Debug|Any CPU.ActiveCfg = Debug|Any CPU
		{7F3621BC-CE76-49B6-9B00-3804C6688FE8}.Debug|Any CPU.Build.0 = Debug|Any CPU
		{7F3621BC-CE76-49B6-9B00-3804C6688FE8}.Release|Any CPU.ActiveCfg = Release|Any CPU
		{7F3621BC-CE76-49B6-9B00-3804C6688FE8}.Release|Any CPU.Build.0 = Release|Any CPU
		{D6DB53CE-F534-4B64-8A63-159739B872F0}.Debug|Any CPU.ActiveCfg = Debug|Any CPU
		{D6DB53CE-F534-4B64-8A63-159739B872F0}.Debug|Any CPU.Build.0 = Debug|Any CPU
		{D6DB53CE-F534-4B64-8A63-159739B872F0}.Release|Any CPU.ActiveCfg = Release|Any CPU
		{D6DB53CE-F534-4B64-8A63-159739B872F0}.Release|Any CPU.Build.0 = Release|Any CPU
		{F85166B7-5E22-47E6-9352-DC5A7F3C3962}.Debug|Any CPU.ActiveCfg = Debug|Any CPU
		{F85166B7-5E22-47E6-9352-DC5A7F3C3962}.Debug|Any CPU.Build.0 = Debug|Any CPU
		{F85166B7-5E22-47E6-9352-DC5A7F3C3962}.Release|Any CPU.ActiveCfg = Release|Any CPU
		{F85166B7-5E22-47E6-9352-DC5A7F3C3962}.Release|Any CPU.Build.0 = Release|Any CPU
		{3E89693D-D281-4B15-9E35-2153375A861A}.Debug|Any CPU.ActiveCfg = Debug|Any CPU
		{3E89693D-D281-4B15-9E35-2153375A861A}.Debug|Any CPU.Build.0 = Debug|Any CPU
		{3E89693D-D281-4B15-9E35-2153375A861A}.Release|Any CPU.ActiveCfg = Release|Any CPU
		{3E89693D-D281-4B15-9E35-2153375A861A}.Release|Any CPU.Build.0 = Release|Any CPU
		{757D4005-C620-444D-8421-8EB81F391BA4}.Debug|Any CPU.ActiveCfg = Debug|Any CPU
		{757D4005-C620-444D-8421-8EB81F391BA4}.Debug|Any CPU.Build.0 = Debug|Any CPU
		{757D4005-C620-444D-8421-8EB81F391BA4}.Release|Any CPU.ActiveCfg = Release|Any CPU
		{757D4005-C620-444D-8421-8EB81F391BA4}.Release|Any CPU.Build.0 = Release|Any CPU
		{15671FB3-E4CD-458D-8299-676AB710AC4A}.Debug|Any CPU.ActiveCfg = Debug|Any CPU
		{15671FB3-E4CD-458D-8299-676AB710AC4A}.Debug|Any CPU.Build.0 = Debug|Any CPU
		{15671FB3-E4CD-458D-8299-676AB710AC4A}.Release|Any CPU.ActiveCfg = Release|Any CPU
		{15671FB3-E4CD-458D-8299-676AB710AC4A}.Release|Any CPU.Build.0 = Release|Any CPU
		{C67D1756-E008-4CDB-A429-7C1189A5903B}.Debug|Any CPU.ActiveCfg = Debug|Any CPU
		{C67D1756-E008-4CDB-A429-7C1189A5903B}.Debug|Any CPU.Build.0 = Debug|Any CPU
		{C67D1756-E008-4CDB-A429-7C1189A5903B}.Release|Any CPU.ActiveCfg = Release|Any CPU
		{C67D1756-E008-4CDB-A429-7C1189A5903B}.Release|Any CPU.Build.0 = Release|Any CPU
		{EED0B521-42D9-450A-AA84-CCEBDCE08EDC}.Debug|Any CPU.ActiveCfg = Debug|Any CPU
		{EED0B521-42D9-450A-AA84-CCEBDCE08EDC}.Debug|Any CPU.Build.0 = Debug|Any CPU
		{EED0B521-42D9-450A-AA84-CCEBDCE08EDC}.Release|Any CPU.ActiveCfg = Release|Any CPU
		{EED0B521-42D9-450A-AA84-CCEBDCE08EDC}.Release|Any CPU.Build.0 = Release|Any CPU
	EndGlobalSection
	GlobalSection(SolutionProperties) = preSolution
		HideSolutionNode = FALSE
	EndGlobalSection
	GlobalSection(NestedProjects) = preSolution
		{2FD3E9A6-AA79-46E9-A04B-4BA86C94C666} = {5E43A4A2-3C39-406D-9E4F-ACD1C1C954A5}
		{CC28D00B-E550-4C4D-8D47-74927FFE7AB4} = {5E43A4A2-3C39-406D-9E4F-ACD1C1C954A5}
		{E550681B-0390-4F9D-84A3-9F36C7B8C293} = {B780D63E-59E5-4B18-9746-68408250EA86}
		{D3C3A8BE-1882-491E-89F9-2DA34A1F8934} = {B780D63E-59E5-4B18-9746-68408250EA86}
		{5D8C275E-7DD0-45DB-ADF9-995D427BD1CF} = {B780D63E-59E5-4B18-9746-68408250EA86}
		{95A34F27-1AFC-46D9-8D58-004FB37F8C20} = {070963A8-7389-4A94-9F98-EC33EBE399F8}
		{134F08A6-880C-4DEA-A6A2-30CDF073F2C0} = {070963A8-7389-4A94-9F98-EC33EBE399F8}
		{0F0C69BB-735F-43AB-911B-AED361FFEB1B} = {070963A8-7389-4A94-9F98-EC33EBE399F8}
		{B95CC1C2-5F13-4083-B573-A980AB4F92D5} = {10647FD7-C870-48F9-B292-FF0B8DC81091}
		{7F3621BC-CE76-49B6-9B00-3804C6688FE8} = {10647FD7-C870-48F9-B292-FF0B8DC81091}
		{D6DB53CE-F534-4B64-8A63-159739B872F0} = {10647FD7-C870-48F9-B292-FF0B8DC81091}
		{F85166B7-5E22-47E6-9352-DC5A7F3C3962} = {9E1F5697-D967-422A-B729-C12B4E1C017D}
		{3E89693D-D281-4B15-9E35-2153375A861A} = {9E1F5697-D967-422A-B729-C12B4E1C017D}
		{757D4005-C620-444D-8421-8EB81F391BA4} = {9E1F5697-D967-422A-B729-C12B4E1C017D}
		{15671FB3-E4CD-458D-8299-676AB710AC4A} = {26C6998D-4448-4157-974A-E0F40973FCAE}
		{C67D1756-E008-4CDB-A429-7C1189A5903B} = {26C6998D-4448-4157-974A-E0F40973FCAE}
		{EED0B521-42D9-450A-AA84-CCEBDCE08EDC} = {26C6998D-4448-4157-974A-E0F40973FCAE}
	EndGlobalSection
	GlobalSection(ExtensibilityGlobals) = postSolution
		SolutionGuid = {F1643154-EB9C-441E-8B10-DF5B77678B9D}
	EndGlobalSection
EndGlobal
